
Microsoft Visual Studio Solution File, Format Version 12.00
# Visual Studio 2012
Project("{FAE04EC0-301F-11D3-BF4B-00C04F79EFBC}") = "LifeTimeV3", "LifeTimeV3\LifeTimeV3.csproj", "{8A0C479E-A1B2-486A-990F-F509B7A6701F}"
EndProject
Project("{FAE04EC0-301F-11D3-BF4B-00C04F79EFBC}") = "LifeTimeV3.Counter", "LifeTimeV3.Counter\LifeTimeV3.Counter.csproj", "{AE72003D-CC02-4229-840E-24436ED56D62}"
	ProjectSection(ProjectDependencies) = postProject
		{8A0C479E-A1B2-486A-990F-F509B7A6701F} = {8A0C479E-A1B2-486A-990F-F509B7A6701F}
	EndProjectSection
EndProject
Global
	GlobalSection(SolutionConfigurationPlatforms) = preSolution
		Debug|Any CPU = Debug|Any CPU
		Release|Any CPU = Release|Any CPU
	EndGlobalSection
	GlobalSection(ProjectConfigurationPlatforms) = postSolution
		{8A0C479E-A1B2-486A-990F-F509B7A6701F}.Debug|Any CPU.ActiveCfg = Debug|Any CPU
		{8A0C479E-A1B2-486A-990F-F509B7A6701F}.Debug|Any CPU.Build.0 = Debug|Any CPU
		{8A0C479E-A1B2-486A-990F-F509B7A6701F}.Release|Any CPU.ActiveCfg = Release|Any CPU
		{8A0C479E-A1B2-486A-990F-F509B7A6701F}.Release|Any CPU.Build.0 = Release|Any CPU
		{AE72003D-CC02-4229-840E-24436ED56D62}.Debug|Any CPU.ActiveCfg = Debug|Any CPU
		{AE72003D-CC02-4229-840E-24436ED56D62}.Debug|Any CPU.Build.0 = Debug|Any CPU
		{AE72003D-CC02-4229-840E-24436ED56D62}.Release|Any CPU.ActiveCfg = Release|Any CPU
		{AE72003D-CC02-4229-840E-24436ED56D62}.Release|Any CPU.Build.0 = Release|Any CPU
	EndGlobalSection
	GlobalSection(SolutionProperties) = preSolution
		HideSolutionNode = FALSE
	EndGlobalSection
EndGlobal
